// !$*UTF8*$!
{
	archiveVersion = 1;
	classes = {
	};
	objectVersion = 46;
	objects = {

/* Begin PBXBuildFile section */
		0F8DD7F81B099F6100480AC8 /* AppMain.cpp in Sources */ = {isa = PBXBuildFile; fileRef = 0F8DD7EC1B099F6100480AC8 /* AppMain.cpp */; };
		0F8DD7F91B099F6100480AC8 /* BeeChatApp.cpp in Sources */ = {isa = PBXBuildFile; fileRef = 0F8DD7ED1B099F6100480AC8 /* BeeChatApp.cpp */; };
		0F8DD7FB1B099F6100480AC8 /* Client.cpp in Sources */ = {isa = PBXBuildFile; fileRef = 0F8DD7EF1B099F6100480AC8 /* Client.cpp */; };
		0F8DD7FC1B099F6100480AC8 /* ClientChatConnection.cpp in Sources */ = {isa = PBXBuildFile; fileRef = 0F8DD7F11B099F6100480AC8 /* ClientChatConnection.cpp */; };
		0F8DD7FD1B099F6100480AC8 /* IChatConnection.cpp in Sources */ = {isa = PBXBuildFile; fileRef = 0F8DD7F21B099F6100480AC8 /* IChatConnection.cpp */; };
		0F8DD7FE1B099F6100480AC8 /* ServerChatConnection.cpp in Sources */ = {isa = PBXBuildFile; fileRef = 0F8DD7F31B099F6100480AC8 /* ServerChatConnection.cpp */; };
		0F8DD7FF1B099F6100480AC8 /* UDPClient.cpp in Sources */ = {isa = PBXBuildFile; fileRef = 0F8DD7F41B099F6100480AC8 /* UDPClient.cpp */; };
		0F8DD8001B099F6100480AC8 /* UDPConnection.cpp in Sources */ = {isa = PBXBuildFile; fileRef = 0F8DD7F51B099F6100480AC8 /* UDPConnection.cpp */; };
		0F8DD8011B099F6100480AC8 /* UDPServer.cpp in Sources */ = {isa = PBXBuildFile; fileRef = 0F8DD7F61B099F6100480AC8 /* UDPServer.cpp */; };
		0F8DD8021B099F6100480AC8 /* Server.cpp in Sources */ = {isa = PBXBuildFile; fileRef = 0F8DD7F71B099F6100480AC8 /* Server.cpp */; };
/* End PBXBuildFile section */

/* Begin PBXCopyFilesBuildPhase section */
		0F8DD7CD1B099F3800480AC8 /* CopyFiles */ = {
			isa = PBXCopyFilesBuildPhase;
			buildActionMask = 2147483647;
			dstPath = /usr/share/man/man1/;
			dstSubfolderSpec = 0;
			files = (
			);
			runOnlyForDeploymentPostprocessing = 1;
		};
/* End PBXCopyFilesBuildPhase section */

/* Begin PBXFileReference section */
		0F8DD7CF1B099F3900480AC8 /* BeeChat */ = {isa = PBXFileReference; explicitFileType = "compiled.mach-o.executable"; includeInIndex = 0; path = BeeChat; sourceTree = BUILT_PRODUCTS_DIR; };
		0F8DD7DA1B099F6100480AC8 /* BeeChatApp.h */ = {isa = PBXFileReference; fileEncoding = 4; lastKnownFileType = sourcecode.c.h; path = BeeChatApp.h; sourceTree = "<group>"; };
		0F8DD7DB1B099F6100480AC8 /* BeeChatException.h */ = {isa = PBXFileReference; fileEncoding = 4; lastKnownFileType = sourcecode.c.h; path = BeeChatException.h; sourceTree = "<group>"; };
		0F8DD7DC1B099F6100480AC8 /* Client.h */ = {isa = PBXFileReference; fileEncoding = 4; lastKnownFileType = sourcecode.c.h; path = Client.h; sourceTree = "<group>"; };
		0F8DD7DE1B099F6100480AC8 /* ClientChatConnection.h */ = {isa = PBXFileReference; fileEncoding = 4; lastKnownFileType = sourcecode.c.h; path = ClientChatConnection.h; sourceTree = "<group>"; };
		0F8DD7DF1B099F6100480AC8 /* ClientMessage.h */ = {isa = PBXFileReference; fileEncoding = 4; lastKnownFileType = sourcecode.c.h; path = ClientMessage.h; sourceTree = "<group>"; };
		0F8DD7E01B099F6100480AC8 /* IChatConnection.h */ = {isa = PBXFileReference; fileEncoding = 4; lastKnownFileType = sourcecode.c.h; path = IChatConnection.h; sourceTree = "<group>"; };
		0F8DD7E11B099F6100480AC8 /* ServerChatConnection.h */ = {isa = PBXFileReference; fileEncoding = 4; lastKnownFileType = sourcecode.c.h; path = ServerChatConnection.h; sourceTree = "<group>"; };
		0F8DD7E21B099F6100480AC8 /* UDPClient.h */ = {isa = PBXFileReference; fileEncoding = 4; lastKnownFileType = sourcecode.c.h; path = UDPClient.h; sourceTree = "<group>"; };
		0F8DD7E31B099F6100480AC8 /* UDPConnection.h */ = {isa = PBXFileReference; fileEncoding = 4; lastKnownFileType = sourcecode.c.h; path = UDPConnection.h; sourceTree = "<group>"; };
		0F8DD7E41B099F6100480AC8 /* UDPServer.h */ = {isa = PBXFileReference; fileEncoding = 4; lastKnownFileType = sourcecode.c.h; path = UDPServer.h; sourceTree = "<group>"; };
		0F8DD7E51B099F6100480AC8 /* GUI.h */ = {isa = PBXFileReference; fileEncoding = 4; lastKnownFileType = sourcecode.c.h; path = GUI.h; sourceTree = "<group>"; };
		0F8DD7E71B099F6100480AC8 /* Message.h */ = {isa = PBXFileReference; fileEncoding = 4; lastKnownFileType = sourcecode.c.h; path = Message.h; sourceTree = "<group>"; };
		0F8DD7E81B099F6100480AC8 /* MessageFactory.h */ = {isa = PBXFileReference; fileEncoding = 4; lastKnownFileType = sourcecode.c.h; path = MessageFactory.h; sourceTree = "<group>"; };
		0F8DD7E91B099F6100480AC8 /* Server.h */ = {isa = PBXFileReference; fileEncoding = 4; lastKnownFileType = sourcecode.c.h; path = Server.h; sourceTree = "<group>"; };
		0F8DD7EA1B099F6100480AC8 /* User.h */ = {isa = PBXFileReference; fileEncoding = 4; lastKnownFileType = sourcecode.c.h; path = User.h; sourceTree = "<group>"; };
		0F8DD7EC1B099F6100480AC8 /* AppMain.cpp */ = {isa = PBXFileReference; fileEncoding = 4; lastKnownFileType = sourcecode.cpp.cpp; path = AppMain.cpp; sourceTree = "<group>"; };
		0F8DD7ED1B099F6100480AC8 /* BeeChatApp.cpp */ = {isa = PBXFileReference; fileEncoding = 4; lastKnownFileType = sourcecode.cpp.cpp; path = BeeChatApp.cpp; sourceTree = "<group>"; };
		0F8DD7EF1B099F6100480AC8 /* Client.cpp */ = {isa = PBXFileReference; fileEncoding = 4; lastKnownFileType = sourcecode.cpp.cpp; path = Client.cpp; sourceTree = "<group>"; };
		0F8DD7F11B099F6100480AC8 /* ClientChatConnection.cpp */ = {isa = PBXFileReference; fileEncoding = 4; lastKnownFileType = sourcecode.cpp.cpp; path = ClientChatConnection.cpp; sourceTree = "<group>"; };
		0F8DD7F21B099F6100480AC8 /* IChatConnection.cpp */ = {isa = PBXFileReference; fileEncoding = 4; lastKnownFileType = sourcecode.cpp.cpp; path = IChatConnection.cpp; sourceTree = "<group>"; };
		0F8DD7F31B099F6100480AC8 /* ServerChatConnection.cpp */ = {isa = PBXFileReference; fileEncoding = 4; lastKnownFileType = sourcecode.cpp.cpp; path = ServerChatConnection.cpp; sourceTree = "<group>"; };
		0F8DD7F41B099F6100480AC8 /* UDPClient.cpp */ = {isa = PBXFileReference; fileEncoding = 4; lastKnownFileType = sourcecode.cpp.cpp; path = UDPClient.cpp; sourceTree = "<group>"; };
		0F8DD7F51B099F6100480AC8 /* UDPConnection.cpp */ = {isa = PBXFileReference; fileEncoding = 4; lastKnownFileType = sourcecode.cpp.cpp; path = UDPConnection.cpp; sourceTree = "<group>"; };
		0F8DD7F61B099F6100480AC8 /* UDPServer.cpp */ = {isa = PBXFileReference; fileEncoding = 4; lastKnownFileType = sourcecode.cpp.cpp; path = UDPServer.cpp; sourceTree = "<group>"; };
		0F8DD7F71B099F6100480AC8 /* Server.cpp */ = {isa = PBXFileReference; fileEncoding = 4; lastKnownFileType = sourcecode.cpp.cpp; path = Server.cpp; sourceTree = "<group>"; };
/* End PBXFileReference section */

/* Begin PBXFrameworksBuildPhase section */
		0F8DD7CC1B099F3800480AC8 /* Frameworks */ = {
			isa = PBXFrameworksBuildPhase;
			buildActionMask = 2147483647;
			files = (
			);
			runOnlyForDeploymentPostprocessing = 0;
		};
/* End PBXFrameworksBuildPhase section */

/* Begin PBXGroup section */
		0F8DD7C61B099F3800480AC8 = {
			isa = PBXGroup;
			children = (
				0F8DD7D11B099F3900480AC8 /* BeeChat */,
				0F8DD7D01B099F3900480AC8 /* Products */,
			);
			sourceTree = "<group>";
		};
		0F8DD7D01B099F3900480AC8 /* Products */ = {
			isa = PBXGroup;
			children = (
				0F8DD7CF1B099F3900480AC8 /* BeeChat */,
			);
			name = Products;
			sourceTree = "<group>";
		};
		0F8DD7D11B099F3900480AC8 /* BeeChat */ = {
			isa = PBXGroup;
			children = (
				0F8DD7D91B099F6100480AC8 /* include */,
				0F8DD7EB1B099F6100480AC8 /* src */,
			);
			path = BeeChat;
			sourceTree = "<group>";
		};
		0F8DD7D91B099F6100480AC8 /* include */ = {
			isa = PBXGroup;
			children = (
				0F8DD7DA1B099F6100480AC8 /* BeeChatApp.h */,
				0F8DD7DB1B099F6100480AC8 /* BeeChatException.h */,
				0F8DD7DC1B099F6100480AC8 /* Client.h */,
				0F8DD7DD1B099F6100480AC8 /* ConnectionLayer */,
				0F8DD7E51B099F6100480AC8 /* GUI.h */,
				0F8DD7E61B099F6100480AC8 /* Message */,
				0F8DD7E71B099F6100480AC8 /* Message.h */,
				0F8DD7E81B099F6100480AC8 /* MessageFactory.h */,
				0F8DD7E91B099F6100480AC8 /* Server.h */,
				0F8DD7EA1B099F6100480AC8 /* User.h */,
			);
			name = include;
			path = ../../include;
			sourceTree = "<group>";
		};
		0F8DD7DD1B099F6100480AC8 /* ConnectionLayer */ = {
			isa = PBXGroup;
			children = (
				0F8DD7DE1B099F6100480AC8 /* ClientChatConnection.h */,
				0F8DD7DF1B099F6100480AC8 /* ClientMessage.h */,
				0F8DD7E01B099F6100480AC8 /* IChatConnection.h */,
				0F8DD7E11B099F6100480AC8 /* ServerChatConnection.h */,
				0F8DD7E21B099F6100480AC8 /* UDPClient.h */,
				0F8DD7E31B099F6100480AC8 /* UDPConnection.h */,
				0F8DD7E41B099F6100480AC8 /* UDPServer.h */,
			);
			path = ConnectionLayer;
			sourceTree = "<group>";
		};
		0F8DD7E61B099F6100480AC8 /* Message */ = {
			isa = PBXGroup;
			children = (
			);
			path = Message;
			sourceTree = "<group>";
		};
		0F8DD7EB1B099F6100480AC8 /* src */ = {
			isa = PBXGroup;
			children = (
				0F8DD7F01B099F6100480AC8 /* ConnectionLayer */,
				0F8DD7EC1B099F6100480AC8 /* AppMain.cpp */,
				0F8DD7ED1B099F6100480AC8 /* BeeChatApp.cpp */,
				0F8DD7EF1B099F6100480AC8 /* Client.cpp */,
				0F8DD7F71B099F6100480AC8 /* Server.cpp */,
			);
			name = src;
			path = ../../src;
			sourceTree = "<group>";
		};
		0F8DD7F01B099F6100480AC8 /* ConnectionLayer */ = {
			isa = PBXGroup;
			children = (
				0F8DD7F11B099F6100480AC8 /* ClientChatConnection.cpp */,
				0F8DD7F21B099F6100480AC8 /* IChatConnection.cpp */,
				0F8DD7F31B099F6100480AC8 /* ServerChatConnection.cpp */,
				0F8DD7F41B099F6100480AC8 /* UDPClient.cpp */,
				0F8DD7F51B099F6100480AC8 /* UDPConnection.cpp */,
				0F8DD7F61B099F6100480AC8 /* UDPServer.cpp */,
			);
			path = ConnectionLayer;
			sourceTree = "<group>";
		};
/* End PBXGroup section */

/* Begin PBXNativeTarget section */
		0F8DD7CE1B099F3800480AC8 /* BeeChat */ = {
			isa = PBXNativeTarget;
			buildConfigurationList = 0F8DD7D61B099F3900480AC8 /* Build configuration list for PBXNativeTarget "BeeChat" */;
			buildPhases = (
				0F8DD7CB1B099F3800480AC8 /* Sources */,
				0F8DD7CC1B099F3800480AC8 /* Frameworks */,
				0F8DD7CD1B099F3800480AC8 /* CopyFiles */,
			);
			buildRules = (
			);
			dependencies = (
			);
			name = BeeChat;
			productName = BeeChat;
			productReference = 0F8DD7CF1B099F3900480AC8 /* BeeChat */;
			productType = "com.apple.product-type.tool";
		};
/* End PBXNativeTarget section */

/* Begin PBXProject section */
		0F8DD7C71B099F3800480AC8 /* Project object */ = {
			isa = PBXProject;
			attributes = {
				LastUpgradeCheck = 0630;
				ORGANIZATIONNAME = "Julian ";
				TargetAttributes = {
					0F8DD7CE1B099F3800480AC8 = {
						CreatedOnToolsVersion = 6.3.1;
					};
				};
			};
			buildConfigurationList = 0F8DD7CA1B099F3800480AC8 /* Build configuration list for PBXProject "BeeChat" */;
			compatibilityVersion = "Xcode 3.2";
			developmentRegion = English;
			hasScannedForEncodings = 0;
			knownRegions = (
				en,
			);
			mainGroup = 0F8DD7C61B099F3800480AC8;
			productRefGroup = 0F8DD7D01B099F3900480AC8 /* Products */;
			projectDirPath = "";
			projectRoot = "";
			targets = (
				0F8DD7CE1B099F3800480AC8 /* BeeChat */,
			);
		};
/* End PBXProject section */

/* Begin PBXSourcesBuildPhase section */
		0F8DD7CB1B099F3800480AC8 /* Sources */ = {
			isa = PBXSourcesBuildPhase;
			buildActionMask = 2147483647;
			files = (
				0F8DD7FE1B099F6100480AC8 /* ServerChatConnection.cpp in Sources */,
				0F8DD7F91B099F6100480AC8 /* BeeChatApp.cpp in Sources */,
				0F8DD7FB1B099F6100480AC8 /* Client.cpp in Sources */,
				0F8DD8011B099F6100480AC8 /* UDPServer.cpp in Sources */,
				0F8DD7FD1B099F6100480AC8 /* IChatConnection.cpp in Sources */,
				0F8DD7FC1B099F6100480AC8 /* ClientChatConnection.cpp in Sources */,
				0F8DD7FF1B099F6100480AC8 /* UDPClient.cpp in Sources */,
				0F8DD7F81B099F6100480AC8 /* AppMain.cpp in Sources */,
				0F8DD8001B099F6100480AC8 /* UDPConnection.cpp in Sources */,
				0F8DD8021B099F6100480AC8 /* Server.cpp in Sources */,
			);
			runOnlyForDeploymentPostprocessing = 0;
		};
/* End PBXSourcesBuildPhase section */

/* Begin XCBuildConfiguration section */
		0F8DD7D41B099F3900480AC8 /* Debug */ = {
			isa = XCBuildConfiguration;
			buildSettings = {
				ALWAYS_SEARCH_USER_PATHS = NO;
				CLANG_CXX_LANGUAGE_STANDARD = "gnu++0x";
				CLANG_CXX_LIBRARY = "libc++";
				CLANG_ENABLE_MODULES = YES;
				CLANG_ENABLE_OBJC_ARC = YES;
				CLANG_WARN_BOOL_CONVERSION = YES;
				CLANG_WARN_CONSTANT_CONVERSION = YES;
				CLANG_WARN_DIRECT_OBJC_ISA_USAGE = YES_ERROR;
				CLANG_WARN_EMPTY_BODY = YES;
				CLANG_WARN_ENUM_CONVERSION = YES;
				CLANG_WARN_INT_CONVERSION = YES;
				CLANG_WARN_OBJC_ROOT_CLASS = YES_ERROR;
				CLANG_WARN_UNREACHABLE_CODE = YES;
				CLANG_WARN__DUPLICATE_METHOD_MATCH = YES;
				COPY_PHASE_STRIP = NO;
				DEBUG_INFORMATION_FORMAT = dwarf;
				ENABLE_STRICT_OBJC_MSGSEND = YES;
				GCC_C_LANGUAGE_STANDARD = gnu99;
				GCC_DYNAMIC_NO_PIC = NO;
				GCC_NO_COMMON_BLOCKS = YES;
				GCC_OPTIMIZATION_LEVEL = 0;
				GCC_PREPROCESSOR_DEFINITIONS = (
					"DEBUG=1",
					"$(inherited)",
				);
				GCC_SYMBOLS_PRIVATE_EXTERN = NO;
				GCC_WARN_64_TO_32_BIT_CONVERSION = YES;
				GCC_WARN_ABOUT_RETURN_TYPE = YES_ERROR;
				GCC_WARN_UNDECLARED_SELECTOR = YES;
				GCC_WARN_UNINITIALIZED_AUTOS = YES_AGGRESSIVE;
				GCC_WARN_UNUSED_FUNCTION = YES;
				GCC_WARN_UNUSED_VARIABLE = YES;
				MACOSX_DEPLOYMENT_TARGET = 10.10;
				MTL_ENABLE_DEBUG_INFO = YES;
				ONLY_ACTIVE_ARCH = YES;
				SDKROOT = macosx;
			};
			name = Debug;
		};
		0F8DD7D51B099F3900480AC8 /* Release */ = {
			isa = XCBuildConfiguration;
			buildSettings = {
				ALWAYS_SEARCH_USER_PATHS = NO;
				CLANG_CXX_LANGUAGE_STANDARD = "gnu++0x";
				CLANG_CXX_LIBRARY = "libc++";
				CLANG_ENABLE_MODULES = YES;
				CLANG_ENABLE_OBJC_ARC = YES;
				CLANG_WARN_BOOL_CONVERSION = YES;
				CLANG_WARN_CONSTANT_CONVERSION = YES;
				CLANG_WARN_DIRECT_OBJC_ISA_USAGE = YES_ERROR;
				CLANG_WARN_EMPTY_BODY = YES;
				CLANG_WARN_ENUM_CONVERSION = YES;
				CLANG_WARN_INT_CONVERSION = YES;
				CLANG_WARN_OBJC_ROOT_CLASS = YES_ERROR;
				CLANG_WARN_UNREACHABLE_CODE = YES;
				CLANG_WARN__DUPLICATE_METHOD_MATCH = YES;
				COPY_PHASE_STRIP = NO;
				DEBUG_INFORMATION_FORMAT = "dwarf-with-dsym";
				ENABLE_NS_ASSERTIONS = NO;
				ENABLE_STRICT_OBJC_MSGSEND = YES;
				GCC_C_LANGUAGE_STANDARD = gnu99;
				GCC_NO_COMMON_BLOCKS = YES;
				GCC_WARN_64_TO_32_BIT_CONVERSION = YES;
				GCC_WARN_ABOUT_RETURN_TYPE = YES_ERROR;
				GCC_WARN_UNDECLARED_SELECTOR = YES;
				GCC_WARN_UNINITIALIZED_AUTOS = YES_AGGRESSIVE;
				GCC_WARN_UNUSED_FUNCTION = YES;
				GCC_WARN_UNUSED_VARIABLE = YES;
				MACOSX_DEPLOYMENT_TARGET = 10.10;
				MTL_ENABLE_DEBUG_INFO = NO;
				SDKROOT = macosx;
			};
			name = Release;
		};
		0F8DD7D71B099F3900480AC8 /* Debug */ = {
			isa = XCBuildConfiguration;
			buildSettings = {
				ALWAYS_SEARCH_USER_PATHS = YES;
				HEADER_SEARCH_PATHS = (
					"$(inherited)",
					/Applications/Xcode.app/Contents/Developer/Toolchains/XcodeDefault.xctoolchain/usr/include,
					/Users/Documents/GitHub/BeeChat/include,
				);
				"HEADER_SEARCH_PATHS[arch=*]" = "";
				PRODUCT_NAME = "$(TARGET_NAME)";
				USER_HEADER_SEARCH_PATHS = "/Users/P/Documents/GitHub/BeeChat/include/ /Users/P/Documents/GitHub/BeeChat/include/ConnectionLayer/";
			};
			name = Debug;
		};
		0F8DD7D81B099F3900480AC8 /* Release */ = {
			isa = XCBuildConfiguration;
			buildSettings = {
				ALWAYS_SEARCH_USER_PATHS = YES;
				PRODUCT_NAME = "$(TARGET_NAME)";
				USER_HEADER_SEARCH_PATHS = "/Users/P/Documents/GitHub/BeeChat/include/ /Users/P/Documents/GitHub/BeeChat/include/ConnectionLayer/";
			};
			name = Release;
		};
/* End XCBuildConfiguration section */

/* Begin XCConfigurationList section */
		0F8DD7CA1B099F3800480AC8 /* Build configuration list for PBXProject "BeeChat" */ = {
			isa = XCConfigurationList;
			buildConfigurations = (
				0F8DD7D41B099F3900480AC8 /* Debug */,
				0F8DD7D51B099F3900480AC8 /* Release */,
			);
			defaultConfigurationIsVisible = 0;
			defaultConfigurationName = Release;
		};
		0F8DD7D61B099F3900480AC8 /* Build configuration list for PBXNativeTarget "BeeChat" */ = {
			isa = XCConfigurationList;
			buildConfigurations = (
				0F8DD7D71B099F3900480AC8 /* Debug */,
				0F8DD7D81B099F3900480AC8 /* Release */,
			);
			defaultConfigurationIsVisible = 0;
		};
/* End XCConfigurationList section */
	};
	rootObject = 0F8DD7C71B099F3800480AC8 /* Project object */;
}
